{
  "name": "@gn5r/api-generator",
  "version": "0.1.0-beta",
  "lockfileVersion": 1,
  "requires": true,
  "dependencies": {
    "@gn5r/vue-common-confirm": {
      "version": "1.2.0-beta.3",
      "resolved": "https://registry.npmjs.org/@gn5r/vue-common-confirm/-/vue-common-confirm-1.2.0-beta.3.tgz",
      "integrity": "sha512-apndKOOefbzkbilKItDSTcMwAx+v+fF+ZOQ055Oc8YseeSwVh7Td60V8ndWKtdUYDMkezxDWh/8Ef3y9jFsoGg=="
    },
    "vue": {
      "version": "2.6.12",
      "resolved": "https://registry.npmjs.org/vue/-/vue-2.6.12.tgz",
      "integrity": "sha512-uhmLFETqPPNyuLLbsKz6ioJ4q7AZHzD8ZVFNATNyICSZouqP2Sz0rotWQC8UNBF6VGSCs5abnKJoStA6JbCbfg=="
    }
  }
}
